
Microsoft Visual Studio Solution File, Format Version 12.00
# Visual Studio Version 17
VisualStudioVersion = 17.0.32126.317
MinimumVisualStudioVersion = 10.0.40219.1
Project("{FAE04EC0-301F-11D3-BF4B-00C04F79EFBC}") = "DependecnyInjection", "DependecnyInjection\DependecnyInjection.csproj", "{526DF8C4-F022-4A6F-8609-1A1B4AEEE083}"
EndProject
Global
	GlobalSection(SolutionConfigurationPlatforms) = preSolution
		Debug|Any CPU = Debug|Any CPU
		Release|Any CPU = Release|Any CPU
	EndGlobalSection
	GlobalSection(ProjectConfigurationPlatforms) = postSolution
		{526DF8C4-F022-4A6F-8609-1A1B4AEEE083}.Debug|Any CPU.ActiveCfg = Debug|Any CPU
		{526DF8C4-F022-4A6F-8609-1A1B4AEEE083}.Debug|Any CPU.Build.0 = Debug|Any CPU
		{526DF8C4-F022-4A6F-8609-1A1B4AEEE083}.Release|Any CPU.ActiveCfg = Release|Any CPU
		{526DF8C4-F022-4A6F-8609-1A1B4AEEE083}.Release|Any CPU.Build.0 = Release|Any CPU
	EndGlobalSection
	GlobalSection(SolutionProperties) = preSolution
		HideSolutionNode = FALSE
	EndGlobalSection
	GlobalSection(ExtensibilityGlobals) = postSolution
		SolutionGuid = {75DCD1C0-56B3-4FAF-B701-500672538723}
	EndGlobalSection
EndGlobal
